{
  "name": "Vlajic_MEDT_CoffeeMachine",
  "version": "1.0.0",
  "lockfileVersion": 1,
  "requires": true,
  "dependencies": {
    "chart.js": {
      "version": "3.9.1",
      "resolved": "https://registry.npmjs.org/chart.js/-/chart.js-3.9.1.tgz",
      "integrity": "sha512-Ro2JbLmvg83gXF5F4sniaQ+lTbSv18E+TIf2cOeiH1Iqd2PGFOtem+DUufMZsCJwFE7ywPOpfXFBwRTGq7dh6w=="
    },
    "chartjs": {
      "version": "0.3.24",
      "resolved": "https://registry.npmjs.org/chartjs/-/chartjs-0.3.24.tgz",
      "integrity": "sha512-h6G9qcDqmFYnSWqjWCzQMeOLiypS+pM6Fq2Rj7LPty8Kjx5yHonwwJ7oEHImZpQ2u9Pu36XGYfardvvBiQVrhg=="
    },
    "fs": {
      "version": "0.0.1-security",
      "resolved": "https://registry.npmjs.org/fs/-/fs-0.0.1-security.tgz",
      "integrity": "sha512-3XY9e1pP0CVEUCdj5BmfIZxRBTSDycnbqhIOGec9QYtmVH2fbLpj86CFWkrNOkt/Fvty4KZG5lTglL9j/gJ87w=="
    }
  }
}
